
Microsoft Visual Studio Solution File, Format Version 12.00
# Visual Studio Version 17
VisualStudioVersion = 17.2.32519.379
MinimumVisualStudioVersion = 10.0.40219.1
Project("{FAE04EC0-301F-11D3-BF4B-00C04F79EFBC}") = "TradingDayDal", "TradingDayDal\TradingDayDal.csproj", "{A2DBEED6-3A55-4716-B389-9C3EEEE0B233}"
EndProject
Project("{FAE04EC0-301F-11D3-BF4B-00C04F79EFBC}") = "TradingDayDalUnitTests", "TradingDayDalUnitTests\TradingDayDalUnitTests.csproj", "{4720837E-93FE-4D05-8ECC-CBC925AF659E}"
EndProject
Global
	GlobalSection(SolutionConfigurationPlatforms) = preSolution
		Debug|Any CPU = Debug|Any CPU
		Release|Any CPU = Release|Any CPU
	EndGlobalSection
	GlobalSection(ProjectConfigurationPlatforms) = postSolution
		{A2DBEED6-3A55-4716-B389-9C3EEEE0B233}.Debug|Any CPU.ActiveCfg = Debug|Any CPU
		{A2DBEED6-3A55-4716-B389-9C3EEEE0B233}.Debug|Any CPU.Build.0 = Debug|Any CPU
		{A2DBEED6-3A55-4716-B389-9C3EEEE0B233}.Release|Any CPU.ActiveCfg = Release|Any CPU
		{A2DBEED6-3A55-4716-B389-9C3EEEE0B233}.Release|Any CPU.Build.0 = Release|Any CPU
		{4720837E-93FE-4D05-8ECC-CBC925AF659E}.Debug|Any CPU.ActiveCfg = Debug|Any CPU
		{4720837E-93FE-4D05-8ECC-CBC925AF659E}.Debug|Any CPU.Build.0 = Debug|Any CPU
		{4720837E-93FE-4D05-8ECC-CBC925AF659E}.Release|Any CPU.ActiveCfg = Release|Any CPU
		{4720837E-93FE-4D05-8ECC-CBC925AF659E}.Release|Any CPU.Build.0 = Release|Any CPU
	EndGlobalSection
	GlobalSection(SolutionProperties) = preSolution
		HideSolutionNode = FALSE
	EndGlobalSection
	GlobalSection(ExtensibilityGlobals) = postSolution
		SolutionGuid = {FA2C6511-0519-4438-AFFE-0603E458BA56}
	EndGlobalSection
EndGlobal
