
Microsoft Visual Studio Solution File, Format Version 12.00
# Visual Studio 15
VisualStudioVersion = 15.0.26228.10
MinimumVisualStudioVersion = 10.0.40219.1
Project("{FAE04EC0-301F-11D3-BF4B-00C04F79EFBC}") = "GefluegelBl", "GefluegelBl\GefluegelBl.csproj", "{D519B058-9982-45B6-A939-F88F487344C9}"
EndProject
Project("{FAE04EC0-301F-11D3-BF4B-00C04F79EFBC}") = "GefluegelGui", "GefluegelGui\GefluegelGui.csproj", "{A358ABE8-12FF-41CD-912A-26E7DF602BCA}"
EndProject
Project("{FAE04EC0-301F-11D3-BF4B-00C04F79EFBC}") = "GefluegelTypes", "GefluegelTypes\GefluegelTypes.csproj", "{680E4A23-9B71-405C-8C3A-014E2F24D29F}"
EndProject
Global
	GlobalSection(SolutionConfigurationPlatforms) = preSolution
		Debug|Any CPU = Debug|Any CPU
		Release|Any CPU = Release|Any CPU
	EndGlobalSection
	GlobalSection(ProjectConfigurationPlatforms) = postSolution
		{D519B058-9982-45B6-A939-F88F487344C9}.Debug|Any CPU.ActiveCfg = Debug|Any CPU
		{D519B058-9982-45B6-A939-F88F487344C9}.Debug|Any CPU.Build.0 = Debug|Any CPU
		{D519B058-9982-45B6-A939-F88F487344C9}.Release|Any CPU.ActiveCfg = Release|Any CPU
		{D519B058-9982-45B6-A939-F88F487344C9}.Release|Any CPU.Build.0 = Release|Any CPU
		{A358ABE8-12FF-41CD-912A-26E7DF602BCA}.Debug|Any CPU.ActiveCfg = Debug|Any CPU
		{A358ABE8-12FF-41CD-912A-26E7DF602BCA}.Debug|Any CPU.Build.0 = Debug|Any CPU
		{A358ABE8-12FF-41CD-912A-26E7DF602BCA}.Release|Any CPU.ActiveCfg = Release|Any CPU
		{A358ABE8-12FF-41CD-912A-26E7DF602BCA}.Release|Any CPU.Build.0 = Release|Any CPU
		{680E4A23-9B71-405C-8C3A-014E2F24D29F}.Debug|Any CPU.ActiveCfg = Debug|Any CPU
		{680E4A23-9B71-405C-8C3A-014E2F24D29F}.Debug|Any CPU.Build.0 = Debug|Any CPU
		{680E4A23-9B71-405C-8C3A-014E2F24D29F}.Release|Any CPU.ActiveCfg = Release|Any CPU
		{680E4A23-9B71-405C-8C3A-014E2F24D29F}.Release|Any CPU.Build.0 = Release|Any CPU
	EndGlobalSection
	GlobalSection(SolutionProperties) = preSolution
		HideSolutionNode = FALSE
	EndGlobalSection
	GlobalSection(TeamFoundationVersionControl) = preSolution
		SccNumberOfProjects = 4
		SccEnterpriseProvider = {4CA58AB2-18FA-4F8D-95D4-32DDF27D184C}
		SccTeamFoundationServer = https://oltfs.visualstudio.com/defaultcollection
		SccProjectUniqueName0 = GefluegelBl\\GefluegelBl.csproj
		SccProjectName0 = GefluegelBl
		SccLocalPath0 = GefluegelBl
		SccLocalPath1 = .
		SccProjectUniqueName2 = GefluegelGui\\GefluegelGui.csproj
		SccProjectName2 = GefluegelGui
		SccLocalPath2 = GefluegelGui
		SccProjectUniqueName3 = GefluegelTypes\\GefluegelTypes.csproj
		SccProjectName3 = GefluegelTypes
		SccLocalPath3 = GefluegelTypes
	EndGlobalSection
EndGlobal
