
Microsoft Visual Studio Solution File, Format Version 12.00
# Visual Studio Version 17
VisualStudioVersion = 17.2.32519.379
MinimumVisualStudioVersion = 10.0.40219.1
Project("{FAE04EC0-301F-11D3-BF4B-00C04F79EFBC}") = "NullableConsole", "NullableConsole\NullableConsole.csproj", "{6DDA2D48-3485-48C3-908A-BEE8184FE0DD}"
EndProject
Global
	GlobalSection(SolutionConfigurationPlatforms) = preSolution
		Debug|Any CPU = Debug|Any CPU
		Release|Any CPU = Release|Any CPU
	EndGlobalSection
	GlobalSection(ProjectConfigurationPlatforms) = postSolution
		{6DDA2D48-3485-48C3-908A-BEE8184FE0DD}.Debug|Any CPU.ActiveCfg = Debug|Any CPU
		{6DDA2D48-3485-48C3-908A-BEE8184FE0DD}.Debug|Any CPU.Build.0 = Debug|Any CPU
		{6DDA2D48-3485-48C3-908A-BEE8184FE0DD}.Release|Any CPU.ActiveCfg = Release|Any CPU
		{6DDA2D48-3485-48C3-908A-BEE8184FE0DD}.Release|Any CPU.Build.0 = Release|Any CPU
	EndGlobalSection
	GlobalSection(SolutionProperties) = preSolution
		HideSolutionNode = FALSE
	EndGlobalSection
	GlobalSection(ExtensibilityGlobals) = postSolution
		SolutionGuid = {BF606479-451D-4A75-B8C3-9BEDA739F4BC}
	EndGlobalSection
EndGlobal
